
Microsoft Visual Studio Solution File, Format Version 12.00
# Visual Studio Version 17
VisualStudioVersion = 17.13.35913.81 d17.13
MinimumVisualStudioVersion = 10.0.40219.1
Project("{888888A0-9F3D-457C-B088-3A5042F75D52}") = "Rudno_Vent_Python", "Rudno_Vent_Python.pyproj", "{36924DA7-EFF3-4C77-8E7D-1137C4587F81}"
EndProject
Global
	GlobalSection(SolutionConfigurationPlatforms) = preSolution
		Debug|Any CPU = Debug|Any CPU
		Release|Any CPU = Release|Any CPU
	EndGlobalSection
	GlobalSection(ProjectConfigurationPlatforms) = postSolution
		{36924DA7-EFF3-4C77-8E7D-1137C4587F81}.Debug|Any CPU.ActiveCfg = Debug|Any CPU
		{36924DA7-EFF3-4C77-8E7D-1137C4587F81}.Release|Any CPU.ActiveCfg = Release|Any CPU
	EndGlobalSection
	GlobalSection(SolutionProperties) = preSolution
		HideSolutionNode = FALSE
	EndGlobalSection
	GlobalSection(ExtensibilityGlobals) = postSolution
		SolutionGuid = {1948C500-E7E9-45E6-8696-74C3D9C177D0}
	EndGlobalSection
EndGlobal
